
Microsoft Visual Studio Solution File, Format Version 12.00
# Visual Studio 15
VisualStudioVersion = 15.0.27703.2018
MinimumVisualStudioVersion = 10.0.40219.1
Project("{FAE04EC0-301F-11D3-BF4B-00C04F79EFBC}") = "BindableEx1.Android", "BindableEx1\BindableEx1.Android\BindableEx1.Android.csproj", "{E751CFDE-0FEE-4FF0-AB69-B4CC5B16F279}"
EndProject
Project("{FAE04EC0-301F-11D3-BF4B-00C04F79EFBC}") = "BindableEx1.iOS", "BindableEx1\BindableEx1.iOS\BindableEx1.iOS.csproj", "{D4703341-C569-40E1-A666-A8C9EE17B88F}"
EndProject
Project("{FAE04EC0-301F-11D3-BF4B-00C04F79EFBC}") = "BindableEx1.UWP", "BindableEx1\BindableEx1.UWP\BindableEx1.UWP.csproj", "{81EA4A3E-6C71-4161-A24F-C43979F40027}"
EndProject
Project("{FAE04EC0-301F-11D3-BF4B-00C04F79EFBC}") = "BindableEx1", "BindableEx1\BindableEx1\BindableEx1.csproj", "{384D6140-BCD5-4A8D-8F33-1D3782157611}"
EndProject
Global
	GlobalSection(SolutionConfigurationPlatforms) = preSolution
		Ad-Hoc|Any CPU = Ad-Hoc|Any CPU
		Ad-Hoc|ARM = Ad-Hoc|ARM
		Ad-Hoc|iPhone = Ad-Hoc|iPhone
		Ad-Hoc|iPhoneSimulator = Ad-Hoc|iPhoneSimulator
		Ad-Hoc|x64 = Ad-Hoc|x64
		Ad-Hoc|x86 = Ad-Hoc|x86
		AppStore|Any CPU = AppStore|Any CPU
		AppStore|ARM = AppStore|ARM
		AppStore|iPhone = AppStore|iPhone
		AppStore|iPhoneSimulator = AppStore|iPhoneSimulator
		AppStore|x64 = AppStore|x64
		AppStore|x86 = AppStore|x86
		Debug|Any CPU = Debug|Any CPU
		Debug|ARM = Debug|ARM
		Debug|iPhone = Debug|iPhone
		Debug|iPhoneSimulator = Debug|iPhoneSimulator
		Debug|x64 = Debug|x64
		Debug|x86 = Debug|x86
		Release|Any CPU = Release|Any CPU
		Release|ARM = Release|ARM
		Release|iPhone = Release|iPhone
		Release|iPhoneSimulator = Release|iPhoneSimulator
		Release|x64 = Release|x64
		Release|x86 = Release|x86
	EndGlobalSection
	GlobalSection(ProjectConfigurationPlatforms) = postSolution
		{E751CFDE-0FEE-4FF0-AB69-B4CC5B16F279}.Ad-Hoc|Any CPU.ActiveCfg = Release|Any CPU
		{E751CFDE-0FEE-4FF0-AB69-B4CC5B16F279}.Ad-Hoc|Any CPU.Build.0 = Release|Any CPU
		{E751CFDE-0FEE-4FF0-AB69-B4CC5B16F279}.Ad-Hoc|Any CPU.Deploy.0 = Release|Any CPU
		{E751CFDE-0FEE-4FF0-AB69-B4CC5B16F279}.Ad-Hoc|ARM.ActiveCfg = Release|Any CPU
		{E751CFDE-0FEE-4FF0-AB69-B4CC5B16F279}.Ad-Hoc|ARM.Build.0 = Release|Any CPU
		{E751CFDE-0FEE-4FF0-AB69-B4CC5B16F279}.Ad-Hoc|ARM.Deploy.0 = Release|Any CPU
		{E751CFDE-0FEE-4FF0-AB69-B4CC5B16F279}.Ad-Hoc|iPhone.ActiveCfg = Release|Any CPU
		{E751CFDE-0FEE-4FF0-AB69-B4CC5B16F279}.Ad-Hoc|iPhone.Build.0 = Release|Any CPU
		{E751CFDE-0FEE-4FF0-AB69-B4CC5B16F279}.Ad-Hoc|iPhone.Deploy.0 = Release|Any CPU
		{E751CFDE-0FEE-4FF0-AB69-B4CC5B16F279}.Ad-Hoc|iPhoneSimulator.ActiveCfg = Release|Any CPU
		{E751CFDE-0FEE-4FF0-AB69-B4CC5B16F279}.Ad-Hoc|iPhoneSimulator.Build.0 = Release|Any CPU
		{E751CFDE-0FEE-4FF0-AB69-B4CC5B16F279}.Ad-Hoc|iPhoneSimulator.Deploy.0 = Release|Any CPU
		{E751CFDE-0FEE-4FF0-AB69-B4CC5B16F279}.Ad-Hoc|x64.ActiveCfg = Release|Any CPU
		{E751CFDE-0FEE-4FF0-AB69-B4CC5B16F279}.Ad-Hoc|x64.Build.0 = Release|Any CPU
		{E751CFDE-0FEE-4FF0-AB69-B4CC5B16F279}.Ad-Hoc|x64.Deploy.0 = Release|Any CPU
		{E751CFDE-0FEE-4FF0-AB69-B4CC5B16F279}.Ad-Hoc|x86.ActiveCfg = Release|Any CPU
		{E751CFDE-0FEE-4FF0-AB69-B4CC5B16F279}.Ad-Hoc|x86.Build.0 = Release|Any CPU
		{E751CFDE-0FEE-4FF0-AB69-B4CC5B16F279}.Ad-Hoc|x86.Deploy.0 = Release|Any CPU
		{E751CFDE-0FEE-4FF0-AB69-B4CC5B16F279}.AppStore|Any CPU.ActiveCfg = Release|Any CPU
		{E751CFDE-0FEE-4FF0-AB69-B4CC5B16F279}.AppStore|Any CPU.Build.0 = Release|Any CPU
		{E751CFDE-0FEE-4FF0-AB69-B4CC5B16F279}.AppStore|Any CPU.Deploy.0 = Release|Any CPU
		{E751CFDE-0FEE-4FF0-AB69-B4CC5B16F279}.AppStore|ARM.ActiveCfg = Release|Any CPU
		{E751CFDE-0FEE-4FF0-AB69-B4CC5B16F279}.AppStore|ARM.Build.0 = Release|Any CPU
		{E751CFDE-0FEE-4FF0-AB69-B4CC5B16F279}.AppStore|ARM.Deploy.0 = Release|Any CPU
		{E751CFDE-0FEE-4FF0-AB69-B4CC5B16F279}.AppStore|iPhone.ActiveCfg = Release|Any CPU
		{E751CFDE-0FEE-4FF0-AB69-B4CC5B16F279}.AppStore|iPhone.Build.0 = Release|Any CPU
		{E751CFDE-0FEE-4FF0-AB69-B4CC5B16F279}.AppStore|iPhone.Deploy.0 = Release|Any CPU
		{E751CFDE-0FEE-4FF0-AB69-B4CC5B16F279}.AppStore|iPhoneSimulator.ActiveCfg = Release|Any CPU
		{E751CFDE-0FEE-4FF0-AB69-B4CC5B16F279}.AppStore|iPhoneSimulator.Build.0 = Release|Any CPU
		{E751CFDE-0FEE-4FF0-AB69-B4CC5B16F279}.AppStore|iPhoneSimulator.Deploy.0 = Release|Any CPU
		{E751CFDE-0FEE-4FF0-AB69-B4CC5B16F279}.AppStore|x64.ActiveCfg = Release|Any CPU
		{E751CFDE-0FEE-4FF0-AB69-B4CC5B16F279}.AppStore|x64.Build.0 = Release|Any CPU
		{E751CFDE-0FEE-4FF0-AB69-B4CC5B16F279}.AppStore|x64.Deploy.0 = Release|Any CPU
		{E751CFDE-0FEE-4FF0-AB69-B4CC5B16F279}.AppStore|x86.ActiveCfg = Release|Any CPU
		{E751CFDE-0FEE-4FF0-AB69-B4CC5B16F279}.AppStore|x86.Build.0 = Release|Any CPU
		{E751CFDE-0FEE-4FF0-AB69-B4CC5B16F279}.AppStore|x86.Deploy.0 = Release|Any CPU
		{E751CFDE-0FEE-4FF0-AB69-B4CC5B16F279}.Debug|Any CPU.ActiveCfg = Debug|Any CPU
		{E751CFDE-0FEE-4FF0-AB69-B4CC5B16F279}.Debug|Any CPU.Build.0 = Debug|Any CPU
		{E751CFDE-0FEE-4FF0-AB69-B4CC5B16F279}.Debug|Any CPU.Deploy.0 = Debug|Any CPU
		{E751CFDE-0FEE-4FF0-AB69-B4CC5B16F279}.Debug|ARM.ActiveCfg = Debug|Any CPU
		{E751CFDE-0FEE-4FF0-AB69-B4CC5B16F279}.Debug|ARM.Build.0 = Debug|Any CPU
		{E751CFDE-0FEE-4FF0-AB69-B4CC5B16F279}.Debug|ARM.Deploy.0 = Debug|Any CPU
		{E751CFDE-0FEE-4FF0-AB69-B4CC5B16F279}.Debug|iPhone.ActiveCfg = Debug|Any CPU
		{E751CFDE-0FEE-4FF0-AB69-B4CC5B16F279}.Debug|iPhone.Build.0 = Debug|Any CPU
		{E751CFDE-0FEE-4FF0-AB69-B4CC5B16F279}.Debug|iPhone.Deploy.0 = Debug|Any CPU
		{E751CFDE-0FEE-4FF0-AB69-B4CC5B16F279}.Debug|iPhoneSimulator.ActiveCfg = Debug|Any CPU
		{E751CFDE-0FEE-4FF0-AB69-B4CC5B16F279}.Debug|iPhoneSimulator.Build.0 = Debug|Any CPU
		{E751CFDE-0FEE-4FF0-AB69-B4CC5B16F279}.Debug|iPhoneSimulator.Deploy.0 = Debug|Any CPU
		{E751CFDE-0FEE-4FF0-AB69-B4CC5B16F279}.Debug|x64.ActiveCfg = Debug|Any CPU
		{E751CFDE-0FEE-4FF0-AB69-B4CC5B16F279}.Debug|x64.Build.0 = Debug|Any CPU
		{E751CFDE-0FEE-4FF0-AB69-B4CC5B16F279}.Debug|x64.Deploy.0 = Debug|Any CPU
		{E751CFDE-0FEE-4FF0-AB69-B4CC5B16F279}.Debug|x86.ActiveCfg = Debug|Any CPU
		{E751CFDE-0FEE-4FF0-AB69-B4CC5B16F279}.Debug|x86.Build.0 = Debug|Any CPU
		{E751CFDE-0FEE-4FF0-AB69-B4CC5B16F279}.Debug|x86.Deploy.0 = Debug|Any CPU
		{E751CFDE-0FEE-4FF0-AB69-B4CC5B16F279}.Release|Any CPU.ActiveCfg = Release|Any CPU
		{E751CFDE-0FEE-4FF0-AB69-B4CC5B16F279}.Release|Any CPU.Build.0 = Release|Any CPU
		{E751CFDE-0FEE-4FF0-AB69-B4CC5B16F279}.Release|Any CPU.Deploy.0 = Release|Any CPU
		{E751CFDE-0FEE-4FF0-AB69-B4CC5B16F279}.Release|ARM.ActiveCfg = Release|Any CPU
		{E751CFDE-0FEE-4FF0-AB69-B4CC5B16F279}.Release|ARM.Build.0 = Release|Any CPU
		{E751CFDE-0FEE-4FF0-AB69-B4CC5B16F279}.Release|ARM.Deploy.0 = Release|Any CPU
		{E751CFDE-0FEE-4FF0-AB69-B4CC5B16F279}.Release|iPhone.ActiveCfg = Release|Any CPU
		{E751CFDE-0FEE-4FF0-AB69-B4CC5B16F279}.Release|iPhone.Build.0 = Release|Any CPU
		{E751CFDE-0FEE-4FF0-AB69-B4CC5B16F279}.Release|iPhone.Deploy.0 = Release|Any CPU
		{E751CFDE-0FEE-4FF0-AB69-B4CC5B16F279}.Release|iPhoneSimulator.ActiveCfg = Release|Any CPU
		{E751CFDE-0FEE-4FF0-AB69-B4CC5B16F279}.Release|iPhoneSimulator.Build.0 = Release|Any CPU
		{E751CFDE-0FEE-4FF0-AB69-B4CC5B16F279}.Release|iPhoneSimulator.Deploy.0 = Release|Any CPU
		{E751CFDE-0FEE-4FF0-AB69-B4CC5B16F279}.Release|x64.ActiveCfg = Release|Any CPU
		{E751CFDE-0FEE-4FF0-AB69-B4CC5B16F279}.Release|x64.Build.0 = Release|Any CPU
		{E751CFDE-0FEE-4FF0-AB69-B4CC5B16F279}.Release|x64.Deploy.0 = Release|Any CPU
		{E751CFDE-0FEE-4FF0-AB69-B4CC5B16F279}.Release|x86.ActiveCfg = Release|Any CPU
		{E751CFDE-0FEE-4FF0-AB69-B4CC5B16F279}.Release|x86.Build.0 = Release|Any CPU
		{E751CFDE-0FEE-4FF0-AB69-B4CC5B16F279}.Release|x86.Deploy.0 = Release|Any CPU
		{D4703341-C569-40E1-A666-A8C9EE17B88F}.Ad-Hoc|Any CPU.ActiveCfg = Ad-Hoc|iPhone
		{D4703341-C569-40E1-A666-A8C9EE17B88F}.Ad-Hoc|Any CPU.Build.0 = Ad-Hoc|iPhone
		{D4703341-C569-40E1-A666-A8C9EE17B88F}.Ad-Hoc|Any CPU.Deploy.0 = Ad-Hoc|iPhone
		{D4703341-C569-40E1-A666-A8C9EE17B88F}.Ad-Hoc|ARM.ActiveCfg = Ad-Hoc|iPhone
		{D4703341-C569-40E1-A666-A8C9EE17B88F}.Ad-Hoc|ARM.Build.0 = Ad-Hoc|iPhone
		{D4703341-C569-40E1-A666-A8C9EE17B88F}.Ad-Hoc|ARM.Deploy.0 = Ad-Hoc|iPhone
		{D4703341-C569-40E1-A666-A8C9EE17B88F}.Ad-Hoc|iPhone.ActiveCfg = Ad-Hoc|iPhone
		{D4703341-C569-40E1-A666-A8C9EE17B88F}.Ad-Hoc|iPhone.Build.0 = Ad-Hoc|iPhone
		{D4703341-C569-40E1-A666-A8C9EE17B88F}.Ad-Hoc|iPhone.Deploy.0 = Ad-Hoc|iPhone
		{D4703341-C569-40E1-A666-A8C9EE17B88F}.Ad-Hoc|iPhoneSimulator.ActiveCfg = Ad-Hoc|iPhoneSimulator
		{D4703341-C569-40E1-A666-A8C9EE17B88F}.Ad-Hoc|iPhoneSimulator.Build.0 = Ad-Hoc|iPhoneSimulator
		{D4703341-C569-40E1-A666-A8C9EE17B88F}.Ad-Hoc|iPhoneSimulator.Deploy.0 = Ad-Hoc|iPhoneSimulator
		{D4703341-C569-40E1-A666-A8C9EE17B88F}.Ad-Hoc|x64.ActiveCfg = Ad-Hoc|iPhone
		{D4703341-C569-40E1-A666-A8C9EE17B88F}.Ad-Hoc|x64.Build.0 = Ad-Hoc|iPhone
		{D4703341-C569-40E1-A666-A8C9EE17B88F}.Ad-Hoc|x64.Deploy.0 = Ad-Hoc|iPhone
		{D4703341-C569-40E1-A666-A8C9EE17B88F}.Ad-Hoc|x86.ActiveCfg = Ad-Hoc|iPhone
		{D4703341-C569-40E1-A666-A8C9EE17B88F}.Ad-Hoc|x86.Build.0 = Ad-Hoc|iPhone
		{D4703341-C569-40E1-A666-A8C9EE17B88F}.Ad-Hoc|x86.Deploy.0 = Ad-Hoc|iPhone
		{D4703341-C569-40E1-A666-A8C9EE17B88F}.AppStore|Any CPU.ActiveCfg = AppStore|iPhone
		{D4703341-C569-40E1-A666-A8C9EE17B88F}.AppStore|Any CPU.Build.0 = AppStore|iPhone
		{D4703341-C569-40E1-A666-A8C9EE17B88F}.AppStore|Any CPU.Deploy.0 = AppStore|iPhone
		{D4703341-C569-40E1-A666-A8C9EE17B88F}.AppStore|ARM.ActiveCfg = AppStore|iPhone
		{D4703341-C569-40E1-A666-A8C9EE17B88F}.AppStore|ARM.Build.0 = AppStore|iPhone
		{D4703341-C569-40E1-A666-A8C9EE17B88F}.AppStore|ARM.Deploy.0 = AppStore|iPhone
		{D4703341-C569-40E1-A666-A8C9EE17B88F}.AppStore|iPhone.ActiveCfg = AppStore|iPhone
		{D4703341-C569-40E1-A666-A8C9EE17B88F}.AppStore|iPhone.Build.0 = AppStore|iPhone
		{D4703341-C569-40E1-A666-A8C9EE17B88F}.AppStore|iPhone.Deploy.0 = AppStore|iPhone
		{D4703341-C569-40E1-A666-A8C9EE17B88F}.AppStore|iPhoneSimulator.ActiveCfg = AppStore|iPhoneSimulator
		{D4703341-C569-40E1-A666-A8C9EE17B88F}.AppStore|iPhoneSimulator.Build.0 = AppStore|iPhoneSimulator
		{D4703341-C569-40E1-A666-A8C9EE17B88F}.AppStore|iPhoneSimulator.Deploy.0 = AppStore|iPhoneSimulator
		{D4703341-C569-40E1-A666-A8C9EE17B88F}.AppStore|x64.ActiveCfg = AppStore|iPhone
		{D4703341-C569-40E1-A666-A8C9EE17B88F}.AppStore|x64.Build.0 = AppStore|iPhone
		{D4703341-C569-40E1-A666-A8C9EE17B88F}.AppStore|x64.Deploy.0 = AppStore|iPhone
		{D4703341-C569-40E1-A666-A8C9EE17B88F}.AppStore|x86.ActiveCfg = AppStore|iPhone
		{D4703341-C569-40E1-A666-A8C9EE17B88F}.AppStore|x86.Build.0 = AppStore|iPhone
		{D4703341-C569-40E1-A666-A8C9EE17B88F}.AppStore|x86.Deploy.0 = AppStore|iPhone
		{D4703341-C569-40E1-A666-A8C9EE17B88F}.Debug|Any CPU.ActiveCfg = Debug|iPhoneSimulator
		{D4703341-C569-40E1-A666-A8C9EE17B88F}.Debug|Any CPU.Build.0 = Debug|iPhoneSimulator
		{D4703341-C569-40E1-A666-A8C9EE17B88F}.Debug|Any CPU.Deploy.0 = Debug|iPhoneSimulator
		{D4703341-C569-40E1-A666-A8C9EE17B88F}.Debug|ARM.ActiveCfg = Debug|iPhone
		{D4703341-C569-40E1-A666-A8C9EE17B88F}.Debug|ARM.Build.0 = Debug|iPhone
		{D4703341-C569-40E1-A666-A8C9EE17B88F}.Debug|ARM.Deploy.0 = Debug|iPhone
		{D4703341-C569-40E1-A666-A8C9EE17B88F}.Debug|iPhone.ActiveCfg = Debug|iPhone
		{D4703341-C569-40E1-A666-A8C9EE17B88F}.Debug|iPhone.Build.0 = Debug|iPhone
		{D4703341-C569-40E1-A666-A8C9EE17B88F}.Debug|iPhone.Deploy.0 = Debug|iPhone
		{D4703341-C569-40E1-A666-A8C9EE17B88F}.Debug|iPhoneSimulator.ActiveCfg = Debug|iPhoneSimulator
		{D4703341-C569-40E1-A666-A8C9EE17B88F}.Debug|iPhoneSimulator.Build.0 = Debug|iPhoneSimulator
		{D4703341-C569-40E1-A666-A8C9EE17B88F}.Debug|iPhoneSimulator.Deploy.0 = Debug|iPhoneSimulator
		{D4703341-C569-40E1-A666-A8C9EE17B88F}.Debug|x64.ActiveCfg = Debug|iPhone
		{D4703341-C569-40E1-A666-A8C9EE17B88F}.Debug|x64.Build.0 = Debug|iPhone
		{D4703341-C569-40E1-A666-A8C9EE17B88F}.Debug|x64.Deploy.0 = Debug|iPhone
		{D4703341-C569-40E1-A666-A8C9EE17B88F}.Debug|x86.ActiveCfg = Debug|iPhone
		{D4703341-C569-40E1-A666-A8C9EE17B88F}.Debug|x86.Build.0 = Debug|iPhone
		{D4703341-C569-40E1-A666-A8C9EE17B88F}.Debug|x86.Deploy.0 = Debug|iPhone
		{D4703341-C569-40E1-A666-A8C9EE17B88F}.Release|Any CPU.ActiveCfg = Release|iPhone
		{D4703341-C569-40E1-A666-A8C9EE17B88F}.Release|Any CPU.Build.0 = Release|iPhone
		{D4703341-C569-40E1-A666-A8C9EE17B88F}.Release|Any CPU.Deploy.0 = Release|iPhone
		{D4703341-C569-40E1-A666-A8C9EE17B88F}.Release|ARM.ActiveCfg = Release|iPhone
		{D4703341-C569-40E1-A666-A8C9EE17B88F}.Release|ARM.Build.0 = Release|iPhone
		{D4703341-C569-40E1-A666-A8C9EE17B88F}.Release|ARM.Deploy.0 = Release|iPhone
		{D4703341-C569-40E1-A666-A8C9EE17B88F}.Release|iPhone.ActiveCfg = Release|iPhone
		{D4703341-C569-40E1-A666-A8C9EE17B88F}.Release|iPhone.Build.0 = Release|iPhone
		{D4703341-C569-40E1-A666-A8C9EE17B88F}.Release|iPhone.Deploy.0 = Release|iPhone
		{D4703341-C569-40E1-A666-A8C9EE17B88F}.Release|iPhoneSimulator.ActiveCfg = Release|iPhoneSimulator
		{D4703341-C569-40E1-A666-A8C9EE17B88F}.Release|iPhoneSimulator.Build.0 = Release|iPhoneSimulator
		{D4703341-C569-40E1-A666-A8C9EE17B88F}.Release|iPhoneSimulator.Deploy.0 = Release|iPhoneSimulator
		{D4703341-C569-40E1-A666-A8C9EE17B88F}.Release|x64.ActiveCfg = Release|iPhone
		{D4703341-C569-40E1-A666-A8C9EE17B88F}.Release|x64.Build.0 = Release|iPhone
		{D4703341-C569-40E1-A666-A8C9EE17B88F}.Release|x64.Deploy.0 = Release|iPhone
		{D4703341-C569-40E1-A666-A8C9EE17B88F}.Release|x86.ActiveCfg = Release|iPhone
		{D4703341-C569-40E1-A666-A8C9EE17B88F}.Release|x86.Build.0 = Release|iPhone
		{D4703341-C569-40E1-A666-A8C9EE17B88F}.Release|x86.Deploy.0 = Release|iPhone
		{81EA4A3E-6C71-4161-A24F-C43979F40027}.Ad-Hoc|Any CPU.ActiveCfg = Release|x86
		{81EA4A3E-6C71-4161-A24F-C43979F40027}.Ad-Hoc|Any CPU.Build.0 = Release|x86
		{81EA4A3E-6C71-4161-A24F-C43979F40027}.Ad-Hoc|Any CPU.Deploy.0 = Release|x86
		{81EA4A3E-6C71-4161-A24F-C43979F40027}.Ad-Hoc|ARM.ActiveCfg = Release|ARM
		{81EA4A3E-6C71-4161-A24F-C43979F40027}.Ad-Hoc|ARM.Build.0 = Release|ARM
		{81EA4A3E-6C71-4161-A24F-C43979F40027}.Ad-Hoc|ARM.Deploy.0 = Release|ARM
		{81EA4A3E-6C71-4161-A24F-C43979F40027}.Ad-Hoc|iPhone.ActiveCfg = Release|x86
		{81EA4A3E-6C71-4161-A24F-C43979F40027}.Ad-Hoc|iPhone.Build.0 = Release|x86
		{81EA4A3E-6C71-4161-A24F-C43979F40027}.Ad-Hoc|iPhone.Deploy.0 = Release|x86
		{81EA4A3E-6C71-4161-A24F-C43979F40027}.Ad-Hoc|iPhoneSimulator.ActiveCfg = Release|x86
		{81EA4A3E-6C71-4161-A24F-C43979F40027}.Ad-Hoc|iPhoneSimulator.Build.0 = Release|x86
		{81EA4A3E-6C71-4161-A24F-C43979F40027}.Ad-Hoc|iPhoneSimulator.Deploy.0 = Release|x86
		{81EA4A3E-6C71-4161-A24F-C43979F40027}.Ad-Hoc|x64.ActiveCfg = Release|x64
		{81EA4A3E-6C71-4161-A24F-C43979F40027}.Ad-Hoc|x64.Build.0 = Release|x64
		{81EA4A3E-6C71-4161-A24F-C43979F40027}.Ad-Hoc|x64.Deploy.0 = Release|x64
		{81EA4A3E-6C71-4161-A24F-C43979F40027}.Ad-Hoc|x86.ActiveCfg = Release|x86
		{81EA4A3E-6C71-4161-A24F-C43979F40027}.Ad-Hoc|x86.Build.0 = Release|x86
		{81EA4A3E-6C71-4161-A24F-C43979F40027}.Ad-Hoc|x86.Deploy.0 = Release|x86
		{81EA4A3E-6C71-4161-A24F-C43979F40027}.AppStore|Any CPU.ActiveCfg = Release|x86
		{81EA4A3E-6C71-4161-A24F-C43979F40027}.AppStore|Any CPU.Build.0 = Release|x86
		{81EA4A3E-6C71-4161-A24F-C43979F40027}.AppStore|Any CPU.Deploy.0 = Release|x86
		{81EA4A3E-6C71-4161-A24F-C43979F40027}.AppStore|ARM.ActiveCfg = Release|ARM
		{81EA4A3E-6C71-4161-A24F-C43979F40027}.AppStore|ARM.Build.0 = Release|ARM
		{81EA4A3E-6C71-4161-A24F-C43979F40027}.AppStore|ARM.Deploy.0 = Release|ARM
		{81EA4A3E-6C71-4161-A24F-C43979F40027}.AppStore|iPhone.ActiveCfg = Release|x86
		{81EA4A3E-6C71-4161-A24F-C43979F40027}.AppStore|iPhone.Build.0 = Release|x86
		{81EA4A3E-6C71-4161-A24F-C43979F40027}.AppStore|iPhone.Deploy.0 = Release|x86
		{81EA4A3E-6C71-4161-A24F-C43979F40027}.AppStore|iPhoneSimulator.ActiveCfg = Release|x86
		{81EA4A3E-6C71-4161-A24F-C43979F40027}.AppStore|iPhoneSimulator.Build.0 = Release|x86
		{81EA4A3E-6C71-4161-A24F-C43979F40027}.AppStore|iPhoneSimulator.Deploy.0 = Release|x86
		{81EA4A3E-6C71-4161-A24F-C43979F40027}.AppStore|x64.ActiveCfg = Release|x64
		{81EA4A3E-6C71-4161-A24F-C43979F40027}.AppStore|x64.Build.0 = Release|x64
		{81EA4A3E-6C71-4161-A24F-C43979F40027}.AppStore|x64.Deploy.0 = Release|x64
		{81EA4A3E-6C71-4161-A24F-C43979F40027}.AppStore|x86.ActiveCfg = Release|x86
		{81EA4A3E-6C71-4161-A24F-C43979F40027}.AppStore|x86.Build.0 = Release|x86
		{81EA4A3E-6C71-4161-A24F-C43979F40027}.AppStore|x86.Deploy.0 = Release|x86
		{81EA4A3E-6C71-4161-A24F-C43979F40027}.Debug|Any CPU.ActiveCfg = Debug|x86
		{81EA4A3E-6C71-4161-A24F-C43979F40027}.Debug|Any CPU.Build.0 = Debug|x86
		{81EA4A3E-6C71-4161-A24F-C43979F40027}.Debug|Any CPU.Deploy.0 = Debug|x86
		{81EA4A3E-6C71-4161-A24F-C43979F40027}.Debug|ARM.ActiveCfg = Debug|ARM
		{81EA4A3E-6C71-4161-A24F-C43979F40027}.Debug|ARM.Build.0 = Debug|ARM
		{81EA4A3E-6C71-4161-A24F-C43979F40027}.Debug|ARM.Deploy.0 = Debug|ARM
		{81EA4A3E-6C71-4161-A24F-C43979F40027}.Debug|iPhone.ActiveCfg = Debug|x86
		{81EA4A3E-6C71-4161-A24F-C43979F40027}.Debug|iPhone.Build.0 = Debug|x86
		{81EA4A3E-6C71-4161-A24F-C43979F40027}.Debug|iPhone.Deploy.0 = Debug|x86
		{81EA4A3E-6C71-4161-A24F-C43979F40027}.Debug|iPhoneSimulator.ActiveCfg = Debug|x86
		{81EA4A3E-6C71-4161-A24F-C43979F40027}.Debug|iPhoneSimulator.Build.0 = Debug|x86
		{81EA4A3E-6C71-4161-A24F-C43979F40027}.Debug|iPhoneSimulator.Deploy.0 = Debug|x86
		{81EA4A3E-6C71-4161-A24F-C43979F40027}.Debug|x64.ActiveCfg = Debug|x64
		{81EA4A3E-6C71-4161-A24F-C43979F40027}.Debug|x64.Build.0 = Debug|x64
		{81EA4A3E-6C71-4161-A24F-C43979F40027}.Debug|x64.Deploy.0 = Debug|x64
		{81EA4A3E-6C71-4161-A24F-C43979F40027}.Debug|x86.ActiveCfg = Debug|x86
		{81EA4A3E-6C71-4161-A24F-C43979F40027}.Debug|x86.Build.0 = Debug|x86
		{81EA4A3E-6C71-4161-A24F-C43979F40027}.Debug|x86.Deploy.0 = Debug|x86
		{81EA4A3E-6C71-4161-A24F-C43979F40027}.Release|Any CPU.ActiveCfg = Release|x86
		{81EA4A3E-6C71-4161-A24F-C43979F40027}.Release|Any CPU.Build.0 = Release|x86
		{81EA4A3E-6C71-4161-A24F-C43979F40027}.Release|Any CPU.Deploy.0 = Release|x86
		{81EA4A3E-6C71-4161-A24F-C43979F40027}.Release|ARM.ActiveCfg = Release|ARM
		{81EA4A3E-6C71-4161-A24F-C43979F40027}.Release|ARM.Build.0 = Release|ARM
		{81EA4A3E-6C71-4161-A24F-C43979F40027}.Release|ARM.Deploy.0 = Release|ARM
		{81EA4A3E-6C71-4161-A24F-C43979F40027}.Release|iPhone.ActiveCfg = Release|x86
		{81EA4A3E-6C71-4161-A24F-C43979F40027}.Release|iPhone.Build.0 = Release|x86
		{81EA4A3E-6C71-4161-A24F-C43979F40027}.Release|iPhone.Deploy.0 = Release|x86
		{81EA4A3E-6C71-4161-A24F-C43979F40027}.Release|iPhoneSimulator.ActiveCfg = Release|x86
		{81EA4A3E-6C71-4161-A24F-C43979F40027}.Release|iPhoneSimulator.Build.0 = Release|x86
		{81EA4A3E-6C71-4161-A24F-C43979F40027}.Release|iPhoneSimulator.Deploy.0 = Release|x86
		{81EA4A3E-6C71-4161-A24F-C43979F40027}.Release|x64.ActiveCfg = Release|x64
		{81EA4A3E-6C71-4161-A24F-C43979F40027}.Release|x64.Build.0 = Release|x64
		{81EA4A3E-6C71-4161-A24F-C43979F40027}.Release|x64.Deploy.0 = Release|x64
		{81EA4A3E-6C71-4161-A24F-C43979F40027}.Release|x86.ActiveCfg = Release|x86
		{81EA4A3E-6C71-4161-A24F-C43979F40027}.Release|x86.Build.0 = Release|x86
		{81EA4A3E-6C71-4161-A24F-C43979F40027}.Release|x86.Deploy.0 = Release|x86
		{384D6140-BCD5-4A8D-8F33-1D3782157611}.Ad-Hoc|Any CPU.ActiveCfg = Debug|Any CPU
		{384D6140-BCD5-4A8D-8F33-1D3782157611}.Ad-Hoc|Any CPU.Build.0 = Debug|Any CPU
		{384D6140-BCD5-4A8D-8F33-1D3782157611}.Ad-Hoc|Any CPU.Deploy.0 = Debug|Any CPU
		{384D6140-BCD5-4A8D-8F33-1D3782157611}.Ad-Hoc|ARM.ActiveCfg = Debug|Any CPU
		{384D6140-BCD5-4A8D-8F33-1D3782157611}.Ad-Hoc|ARM.Build.0 = Debug|Any CPU
		{384D6140-BCD5-4A8D-8F33-1D3782157611}.Ad-Hoc|ARM.Deploy.0 = Debug|Any CPU
		{384D6140-BCD5-4A8D-8F33-1D3782157611}.Ad-Hoc|iPhone.ActiveCfg = Debug|Any CPU
		{384D6140-BCD5-4A8D-8F33-1D3782157611}.Ad-Hoc|iPhone.Build.0 = Debug|Any CPU
		{384D6140-BCD5-4A8D-8F33-1D3782157611}.Ad-Hoc|iPhone.Deploy.0 = Debug|Any CPU
		{384D6140-BCD5-4A8D-8F33-1D3782157611}.Ad-Hoc|iPhoneSimulator.ActiveCfg = Debug|Any CPU
		{384D6140-BCD5-4A8D-8F33-1D3782157611}.Ad-Hoc|iPhoneSimulator.Build.0 = Debug|Any CPU
		{384D6140-BCD5-4A8D-8F33-1D3782157611}.Ad-Hoc|iPhoneSimulator.Deploy.0 = Debug|Any CPU
		{384D6140-BCD5-4A8D-8F33-1D3782157611}.Ad-Hoc|x64.ActiveCfg = Debug|Any CPU
		{384D6140-BCD5-4A8D-8F33-1D3782157611}.Ad-Hoc|x64.Build.0 = Debug|Any CPU
		{384D6140-BCD5-4A8D-8F33-1D3782157611}.Ad-Hoc|x64.Deploy.0 = Debug|Any CPU
		{384D6140-BCD5-4A8D-8F33-1D3782157611}.Ad-Hoc|x86.ActiveCfg = Debug|Any CPU
		{384D6140-BCD5-4A8D-8F33-1D3782157611}.Ad-Hoc|x86.Build.0 = Debug|Any CPU
		{384D6140-BCD5-4A8D-8F33-1D3782157611}.Ad-Hoc|x86.Deploy.0 = Debug|Any CPU
		{384D6140-BCD5-4A8D-8F33-1D3782157611}.AppStore|Any CPU.ActiveCfg = Debug|Any CPU
		{384D6140-BCD5-4A8D-8F33-1D3782157611}.AppStore|Any CPU.Build.0 = Debug|Any CPU
		{384D6140-BCD5-4A8D-8F33-1D3782157611}.AppStore|Any CPU.Deploy.0 = Debug|Any CPU
		{384D6140-BCD5-4A8D-8F33-1D3782157611}.AppStore|ARM.ActiveCfg = Debug|Any CPU
		{384D6140-BCD5-4A8D-8F33-1D3782157611}.AppStore|ARM.Build.0 = Debug|Any CPU
		{384D6140-BCD5-4A8D-8F33-1D3782157611}.AppStore|ARM.Deploy.0 = Debug|Any CPU
		{384D6140-BCD5-4A8D-8F33-1D3782157611}.AppStore|iPhone.ActiveCfg = Debug|Any CPU
		{384D6140-BCD5-4A8D-8F33-1D3782157611}.AppStore|iPhone.Build.0 = Debug|Any CPU
		{384D6140-BCD5-4A8D-8F33-1D3782157611}.AppStore|iPhone.Deploy.0 = Debug|Any CPU
		{384D6140-BCD5-4A8D-8F33-1D3782157611}.AppStore|iPhoneSimulator.ActiveCfg = Debug|Any CPU
		{384D6140-BCD5-4A8D-8F33-1D3782157611}.AppStore|iPhoneSimulator.Build.0 = Debug|Any CPU
		{384D6140-BCD5-4A8D-8F33-1D3782157611}.AppStore|iPhoneSimulator.Deploy.0 = Debug|Any CPU
		{384D6140-BCD5-4A8D-8F33-1D3782157611}.AppStore|x64.ActiveCfg = Debug|Any CPU
		{384D6140-BCD5-4A8D-8F33-1D3782157611}.AppStore|x64.Build.0 = Debug|Any CPU
		{384D6140-BCD5-4A8D-8F33-1D3782157611}.AppStore|x64.Deploy.0 = Debug|Any CPU
		{384D6140-BCD5-4A8D-8F33-1D3782157611}.AppStore|x86.ActiveCfg = Debug|Any CPU
		{384D6140-BCD5-4A8D-8F33-1D3782157611}.AppStore|x86.Build.0 = Debug|Any CPU
		{384D6140-BCD5-4A8D-8F33-1D3782157611}.AppStore|x86.Deploy.0 = Debug|Any CPU
		{384D6140-BCD5-4A8D-8F33-1D3782157611}.Debug|Any CPU.ActiveCfg = Debug|Any CPU
		{384D6140-BCD5-4A8D-8F33-1D3782157611}.Debug|Any CPU.Build.0 = Debug|Any CPU
		{384D6140-BCD5-4A8D-8F33-1D3782157611}.Debug|Any CPU.Deploy.0 = Debug|Any CPU
		{384D6140-BCD5-4A8D-8F33-1D3782157611}.Debug|ARM.ActiveCfg = Debug|Any CPU
		{384D6140-BCD5-4A8D-8F33-1D3782157611}.Debug|ARM.Build.0 = Debug|Any CPU
		{384D6140-BCD5-4A8D-8F33-1D3782157611}.Debug|ARM.Deploy.0 = Debug|Any CPU
		{384D6140-BCD5-4A8D-8F33-1D3782157611}.Debug|iPhone.ActiveCfg = Debug|Any CPU
		{384D6140-BCD5-4A8D-8F33-1D3782157611}.Debug|iPhone.Build.0 = Debug|Any CPU
		{384D6140-BCD5-4A8D-8F33-1D3782157611}.Debug|iPhone.Deploy.0 = Debug|Any CPU
		{384D6140-BCD5-4A8D-8F33-1D3782157611}.Debug|iPhoneSimulator.ActiveCfg = Debug|Any CPU
		{384D6140-BCD5-4A8D-8F33-1D3782157611}.Debug|iPhoneSimulator.Build.0 = Debug|Any CPU
		{384D6140-BCD5-4A8D-8F33-1D3782157611}.Debug|iPhoneSimulator.Deploy.0 = Debug|Any CPU
		{384D6140-BCD5-4A8D-8F33-1D3782157611}.Debug|x64.ActiveCfg = Debug|Any CPU
		{384D6140-BCD5-4A8D-8F33-1D3782157611}.Debug|x64.Build.0 = Debug|Any CPU
		{384D6140-BCD5-4A8D-8F33-1D3782157611}.Debug|x64.Deploy.0 = Debug|Any CPU
		{384D6140-BCD5-4A8D-8F33-1D3782157611}.Debug|x86.ActiveCfg = Debug|Any CPU
		{384D6140-BCD5-4A8D-8F33-1D3782157611}.Debug|x86.Build.0 = Debug|Any CPU
		{384D6140-BCD5-4A8D-8F33-1D3782157611}.Debug|x86.Deploy.0 = Debug|Any CPU
		{384D6140-BCD5-4A8D-8F33-1D3782157611}.Release|Any CPU.ActiveCfg = Release|Any CPU
		{384D6140-BCD5-4A8D-8F33-1D3782157611}.Release|Any CPU.Build.0 = Release|Any CPU
		{384D6140-BCD5-4A8D-8F33-1D3782157611}.Release|Any CPU.Deploy.0 = Release|Any CPU
		{384D6140-BCD5-4A8D-8F33-1D3782157611}.Release|ARM.ActiveCfg = Release|Any CPU
		{384D6140-BCD5-4A8D-8F33-1D3782157611}.Release|ARM.Build.0 = Release|Any CPU
		{384D6140-BCD5-4A8D-8F33-1D3782157611}.Release|ARM.Deploy.0 = Release|Any CPU
		{384D6140-BCD5-4A8D-8F33-1D3782157611}.Release|iPhone.ActiveCfg = Release|Any CPU
		{384D6140-BCD5-4A8D-8F33-1D3782157611}.Release|iPhone.Build.0 = Release|Any CPU
		{384D6140-BCD5-4A8D-8F33-1D3782157611}.Release|iPhone.Deploy.0 = Release|Any CPU
		{384D6140-BCD5-4A8D-8F33-1D3782157611}.Release|iPhoneSimulator.ActiveCfg = Release|Any CPU
		{384D6140-BCD5-4A8D-8F33-1D3782157611}.Release|iPhoneSimulator.Build.0 = Release|Any CPU
		{384D6140-BCD5-4A8D-8F33-1D3782157611}.Release|iPhoneSimulator.Deploy.0 = Release|Any CPU
		{384D6140-BCD5-4A8D-8F33-1D3782157611}.Release|x64.ActiveCfg = Release|Any CPU
		{384D6140-BCD5-4A8D-8F33-1D3782157611}.Release|x64.Build.0 = Release|Any CPU
		{384D6140-BCD5-4A8D-8F33-1D3782157611}.Release|x64.Deploy.0 = Release|Any CPU
		{384D6140-BCD5-4A8D-8F33-1D3782157611}.Release|x86.ActiveCfg = Release|Any CPU
		{384D6140-BCD5-4A8D-8F33-1D3782157611}.Release|x86.Build.0 = Release|Any CPU
		{384D6140-BCD5-4A8D-8F33-1D3782157611}.Release|x86.Deploy.0 = Release|Any CPU
	EndGlobalSection
	GlobalSection(SolutionProperties) = preSolution
		HideSolutionNode = FALSE
	EndGlobalSection
	GlobalSection(ExtensibilityGlobals) = postSolution
		SolutionGuid = {5859289A-08BE-4BDA-9F34-E25B28A8ECE4}
	EndGlobalSection
EndGlobal
